PODS:
  - FBSnapshotTestCase (2.1.4):
    - FBSnapshotTestCase/SwiftSupport (= 2.1.4)
  - FBSnapshotTestCase/Core (2.1.4)
  - FBSnapshotTestCase/SwiftSupport (2.1.4):
    - FBSnapshotTestCase/Core
  - YZBaseUI (0.2.5):
    - YZBaseUI/YZCategory (= 0.2.5)
    - YZBaseUI/YZSearch (= 0.2.5)
  - YZBaseUI/YZCategory (0.2.5)
  - YZBaseUI/YZSearch (0.2.5):
    - YZBaseUI/YZCategory

DEPENDENCIES:
  - FBSnapshotTestCase
  - YZBaseUI (from `../`)

SPEC REPOS:
  https://github.com/CocoaPods/Specs.git:
    - FBSnapshotTestCase

EXTERNAL SOURCES:
  YZBaseUI:
    :path: "../"

SPEC CHECKSUMS:
  FBSnapshotTestCase: 094f9f314decbabe373b87cc339bea235a63e07a
  YZBaseUI: a8414119717fc2c40128a94fc3013e27585117fd

PODFILE CHECKSUM: 93a250ace40e93501a551494fd5ab3773d94e2d0

COCOAPODS: 1.9.1
